
Microsoft Visual Studio Solution File, Format Version 12.00
# Visual Studio 15
VisualStudioVersion = 15.0.26124.0
MinimumVisualStudioVersion = 15.0.26124.0
Project("{FAE04EC0-301F-11D3-BF4B-00C04F79EFBC}") = "BitVector", "BitVector\BitVector.csproj", "{A812D952-E1CC-4C63-BC2E-E68FC1FB480A}"
EndProject
Project("{FAE04EC0-301F-11D3-BF4B-00C04F79EFBC}") = "BitVector.Test", "BitVector.Test\BitVector.Test.csproj", "{6EFDEC4A-8E18-4C5A-88B9-AE9EAF11E616}"
EndProject
Global
	GlobalSection(SolutionConfigurationPlatforms) = preSolution
		Debug|Any CPU = Debug|Any CPU
		Debug|x64 = Debug|x64
		Debug|x86 = Debug|x86
		Release|Any CPU = Release|Any CPU
		Release|x64 = Release|x64
		Release|x86 = Release|x86
	EndGlobalSection
	GlobalSection(SolutionProperties) = preSolution
		HideSolutionNode = FALSE
	EndGlobalSection
	GlobalSection(ProjectConfigurationPlatforms) = postSolution
		{A812D952-E1CC-4C63-BC2E-E68FC1FB480A}.Debug|Any CPU.ActiveCfg = Debug|Any CPU
		{A812D952-E1CC-4C63-BC2E-E68FC1FB480A}.Debug|Any CPU.Build.0 = Debug|Any CPU
		{A812D952-E1CC-4C63-BC2E-E68FC1FB480A}.Debug|x64.ActiveCfg = Debug|Any CPU
		{A812D952-E1CC-4C63-BC2E-E68FC1FB480A}.Debug|x64.Build.0 = Debug|Any CPU
		{A812D952-E1CC-4C63-BC2E-E68FC1FB480A}.Debug|x86.ActiveCfg = Debug|Any CPU
		{A812D952-E1CC-4C63-BC2E-E68FC1FB480A}.Debug|x86.Build.0 = Debug|Any CPU
		{A812D952-E1CC-4C63-BC2E-E68FC1FB480A}.Release|Any CPU.ActiveCfg = Release|Any CPU
		{A812D952-E1CC-4C63-BC2E-E68FC1FB480A}.Release|Any CPU.Build.0 = Release|Any CPU
		{A812D952-E1CC-4C63-BC2E-E68FC1FB480A}.Release|x64.ActiveCfg = Release|Any CPU
		{A812D952-E1CC-4C63-BC2E-E68FC1FB480A}.Release|x64.Build.0 = Release|Any CPU
		{A812D952-E1CC-4C63-BC2E-E68FC1FB480A}.Release|x86.ActiveCfg = Release|Any CPU
		{A812D952-E1CC-4C63-BC2E-E68FC1FB480A}.Release|x86.Build.0 = Release|Any CPU
		{6EFDEC4A-8E18-4C5A-88B9-AE9EAF11E616}.Debug|Any CPU.ActiveCfg = Debug|Any CPU
		{6EFDEC4A-8E18-4C5A-88B9-AE9EAF11E616}.Debug|Any CPU.Build.0 = Debug|Any CPU
		{6EFDEC4A-8E18-4C5A-88B9-AE9EAF11E616}.Debug|x64.ActiveCfg = Debug|Any CPU
		{6EFDEC4A-8E18-4C5A-88B9-AE9EAF11E616}.Debug|x64.Build.0 = Debug|Any CPU
		{6EFDEC4A-8E18-4C5A-88B9-AE9EAF11E616}.Debug|x86.ActiveCfg = Debug|Any CPU
		{6EFDEC4A-8E18-4C5A-88B9-AE9EAF11E616}.Debug|x86.Build.0 = Debug|Any CPU
		{6EFDEC4A-8E18-4C5A-88B9-AE9EAF11E616}.Release|Any CPU.ActiveCfg = Release|Any CPU
		{6EFDEC4A-8E18-4C5A-88B9-AE9EAF11E616}.Release|Any CPU.Build.0 = Release|Any CPU
		{6EFDEC4A-8E18-4C5A-88B9-AE9EAF11E616}.Release|x64.ActiveCfg = Release|Any CPU
		{6EFDEC4A-8E18-4C5A-88B9-AE9EAF11E616}.Release|x64.Build.0 = Release|Any CPU
		{6EFDEC4A-8E18-4C5A-88B9-AE9EAF11E616}.Release|x86.ActiveCfg = Release|Any CPU
		{6EFDEC4A-8E18-4C5A-88B9-AE9EAF11E616}.Release|x86.Build.0 = Release|Any CPU
	EndGlobalSection
EndGlobal
